
Microsoft Visual Studio Solution File, Format Version 12.00
# Visual Studio Version 17
VisualStudioVersion = 17.0.31912.275
MinimumVisualStudioVersion = 10.0.40219.1
Project("{9A19103F-16F7-4668-BE54-9A1E7A4F7556}") = "GroupManagementWithDB", "GroupManagementWithDB\GroupManagementWithDB.csproj", "{48FD5B41-A176-4C1B-8451-14803F360138}"
EndProject
Global
	GlobalSection(SolutionConfigurationPlatforms) = preSolution
		Debug|Any CPU = Debug|Any CPU
		Release|Any CPU = Release|Any CPU
	EndGlobalSection
	GlobalSection(ProjectConfigurationPlatforms) = postSolution
		{48FD5B41-A176-4C1B-8451-14803F360138}.Debug|Any CPU.ActiveCfg = Debug|Any CPU
		{48FD5B41-A176-4C1B-8451-14803F360138}.Debug|Any CPU.Build.0 = Debug|Any CPU
		{48FD5B41-A176-4C1B-8451-14803F360138}.Release|Any CPU.ActiveCfg = Release|Any CPU
		{48FD5B41-A176-4C1B-8451-14803F360138}.Release|Any CPU.Build.0 = Release|Any CPU
	EndGlobalSection
	GlobalSection(SolutionProperties) = preSolution
		HideSolutionNode = FALSE
	EndGlobalSection
	GlobalSection(ExtensibilityGlobals) = postSolution
		SolutionGuid = {16C29B1C-0E2C-4A50-8C06-38662DE4F9B9}
	EndGlobalSection
EndGlobal
